
Microsoft Visual Studio Solution File, Format Version 12.00
# Visual Studio Version 17
VisualStudioVersion = 17.7.34003.232
MinimumVisualStudioVersion = 10.0.40219.1
Project("{FAE04EC0-301F-11D3-BF4B-00C04F79EFBC}") = "DemoDapper", "DemoDapper\DemoDapper.csproj", "{4BB3ED27-80DA-4BB2-A5B2-B2A55A72A515}"
EndProject
Global
	GlobalSection(SolutionConfigurationPlatforms) = preSolution
		Debug|Any CPU = Debug|Any CPU
		Release|Any CPU = Release|Any CPU
	EndGlobalSection
	GlobalSection(ProjectConfigurationPlatforms) = postSolution
		{4BB3ED27-80DA-4BB2-A5B2-B2A55A72A515}.Debug|Any CPU.ActiveCfg = Debug|Any CPU
		{4BB3ED27-80DA-4BB2-A5B2-B2A55A72A515}.Debug|Any CPU.Build.0 = Debug|Any CPU
		{4BB3ED27-80DA-4BB2-A5B2-B2A55A72A515}.Release|Any CPU.ActiveCfg = Release|Any CPU
		{4BB3ED27-80DA-4BB2-A5B2-B2A55A72A515}.Release|Any CPU.Build.0 = Release|Any CPU
	EndGlobalSection
	GlobalSection(SolutionProperties) = preSolution
		HideSolutionNode = FALSE
	EndGlobalSection
	GlobalSection(ExtensibilityGlobals) = postSolution
		SolutionGuid = {46AF7A93-7C7F-427D-BFA7-E4D7E146504A}
	EndGlobalSection
EndGlobal
